# THIS IS AN AUTOGENERATED FILE. DO NOT EDIT THIS FILE DIRECTLY.
# yarn lockfile v1


"@types/bluebird@3.5.0":
  version "3.5.0"
  resolved "https://registry.yarnpkg.com/@types/bluebird/-/bluebird-3.5.0.tgz#2633470a4eabe9a47cd9a45fdb20ed5f93407bca"
  integrity sha512-dv15CXZ8s0Q2ArJtOsDqh1FAmW9giEy1V92SnhQ40/CbKlQvZf1gSH4IIst1SQ226ye52kkK7Lye1TjTCFVEZg==

"@types/node@*":
  version "20.10.0"
  resolved "https://registry.yarnpkg.com/@types/node/-/node-20.10.0.tgz#16ddf9c0a72b832ec4fcce35b8249cf149214617"
  integrity sha512-D0WfRmU9TQ8I9PFx9Yc+EBHw+vSpIub4IDvQivcp26PtPrdMGAq5SDcpXEo/epqa/DXotVpekHiLNTg3iaKXBQ==
  dependencies:
    undici-types "~5.26.4"

"@types/node@7.0.0":
  version "7.0.0"
  resolved "https://registry.yarnpkg.com/@types/node/-/node-7.0.0.tgz#c081147b109da5f9c57af70571771be97ce9c0ba"
  integrity sha512-Hhr815lFs5s+MCvSyR4UhdyTPB0oM8qlUZ/LywLBmhlub3dclt4TeTiKGBcFdTl5DrrxjmfshQpg7sb8ZzYReQ==

"@types/sax@0.0.28":
  version "0.0.28"
  resolved "https://registry.yarnpkg.com/@types/sax/-/sax-0.0.28.tgz#08bc2bed7697f97b0f345a0ba5d93e5f163c89e2"
  integrity sha512-gbqllXfNc2rl54uWIqXG2N8Fp03rHgtSz0gqBbhZ1qwn5buHR0OG2n8N9/rdztbrS0/R8eo6AVeOW9Is1MOn/Q==
  dependencies:
    "@types/node" "*"

bluebird@3.4.7:
  version "3.4.7"
  resolved "https://registry.yarnpkg.com/bluebird/-/bluebird-3.4.7.tgz#f72d760be09b7f76d08ed8fae98b289a8d05fab3"
  integrity sha512-iD3898SR7sWVRHbiQv+sHUtHnMvC1o3nW5rAcqnq3uOn07DSAppZYUkIGslDz6gXC7HfunPe7YVBgoEJASPcHA==

sax@1.2.1:
  version "1.2.1"
  resolved "https://registry.yarnpkg.com/sax/-/sax-1.2.1.tgz#7b8e656190b228e81a66aea748480d828cd2d37a"
  integrity sha512-8I2a3LovHTOpm7NV5yOyO8IHqgVsfK4+UuySrXU8YXkSRX7k6hCV9b3HrkKCr3nMpgj+0bmocaJJWpvp1oc7ZA==

typescript@2.1.5:
  version "2.1.5"
  resolved "https://registry.yarnpkg.com/typescript/-/typescript-2.1.5.tgz#6fe9479e00e01855247cea216e7561bafcdbcd4a"
  integrity sha512-OHCRjnoBo9+v90Afp4lidM1gHsx4jrIa6M+M2R/RDxn3sUfNGy6lP/TmgD9D56ebthSu18ikELqJt9Gov3FDmA==

undici-types@~5.26.4:
  version "5.26.5"
  resolved "https://registry.yarnpkg.com/undici-types/-/undici-types-5.26.5.tgz#bcd539893d00b56e964fd2657a4866b221a65617"
  integrity sha512-JlCMO+ehdEIKqlFxk6IfVoAUVmgz7cU7zD/h9XZ0qzeosSHmUJVOzSQvvYSYWXkFXC+IfLKSIffhv0sVZup6pA==
